
Microsoft Visual Studio Solution File, Format Version 12.00
# Visual Studio Version 16
VisualStudioVersion = 16.0.31025.194
MinimumVisualStudioVersion = 10.0.40219.1
Project("{FAE04EC0-301F-11D3-BF4B-00C04F79EFBC}") = "CruiseAssistant", "CruiseAssistant\CruiseAssistant.csproj", "{730F1D27-6880-4F5E-ACC6-3E92BEF45EB0}"
EndProject
Global
	GlobalSection(SolutionConfigurationPlatforms) = preSolution
		Debug|Any CPU = Debug|Any CPU
		Release|Any CPU = Release|Any CPU
	EndGlobalSection
	GlobalSection(ProjectConfigurationPlatforms) = postSolution
		{730F1D27-6880-4F5E-ACC6-3E92BEF45EB0}.Debug|Any CPU.ActiveCfg = Debug|Any CPU
		{730F1D27-6880-4F5E-ACC6-3E92BEF45EB0}.Debug|Any CPU.Build.0 = Debug|Any CPU
		{730F1D27-6880-4F5E-ACC6-3E92BEF45EB0}.Release|Any CPU.ActiveCfg = Release|Any CPU
		{730F1D27-6880-4F5E-ACC6-3E92BEF45EB0}.Release|Any CPU.Build.0 = Release|Any CPU
	EndGlobalSection
	GlobalSection(SolutionProperties) = preSolution
		HideSolutionNode = FALSE
	EndGlobalSection
	GlobalSection(ExtensibilityGlobals) = postSolution
		SolutionGuid = {36D92B94-F376-4746-85BC-1DA2BE52ECDE}
	EndGlobalSection
EndGlobal
